
Microsoft Visual Studio Solution File, Format Version 12.00
# Visual Studio Version 16
VisualStudioVersion = 16.0.34301.259
MinimumVisualStudioVersion = 10.0.40219.1
Project("{FAE04EC0-301F-11D3-BF4B-00C04F79EFBC}") = "Day_01", "Day_01\Day_01.csproj", "{0D1DC43D-4E50-4CF2-8648-9B214AE071C0}"
EndProject
Project("{FAE04EC0-301F-11D3-BF4B-00C04F79EFBC}") = "Day_02", "Day_02\Day_02.csproj", "{8366A341-6A57-4722-A7C4-B016B7C63416}"
EndProject
Project("{FAE04EC0-301F-11D3-BF4B-00C04F79EFBC}") = "Day_03", "Day_03\Day_03.csproj", "{4F2D7A2D-7CED-42E7-9CCC-67507712957B}"
EndProject
Global
	GlobalSection(SolutionConfigurationPlatforms) = preSolution
		Debug|Any CPU = Debug|Any CPU
		Release|Any CPU = Release|Any CPU
	EndGlobalSection
	GlobalSection(ProjectConfigurationPlatforms) = postSolution
		{0D1DC43D-4E50-4CF2-8648-9B214AE071C0}.Debug|Any CPU.ActiveCfg = Debug|Any CPU
		{0D1DC43D-4E50-4CF2-8648-9B214AE071C0}.Debug|Any CPU.Build.0 = Debug|Any CPU
		{0D1DC43D-4E50-4CF2-8648-9B214AE071C0}.Release|Any CPU.ActiveCfg = Release|Any CPU
		{0D1DC43D-4E50-4CF2-8648-9B214AE071C0}.Release|Any CPU.Build.0 = Release|Any CPU
		{8366A341-6A57-4722-A7C4-B016B7C63416}.Debug|Any CPU.ActiveCfg = Debug|Any CPU
		{8366A341-6A57-4722-A7C4-B016B7C63416}.Debug|Any CPU.Build.0 = Debug|Any CPU
		{8366A341-6A57-4722-A7C4-B016B7C63416}.Release|Any CPU.ActiveCfg = Release|Any CPU
		{8366A341-6A57-4722-A7C4-B016B7C63416}.Release|Any CPU.Build.0 = Release|Any CPU
		{4F2D7A2D-7CED-42E7-9CCC-67507712957B}.Debug|Any CPU.ActiveCfg = Debug|Any CPU
		{4F2D7A2D-7CED-42E7-9CCC-67507712957B}.Debug|Any CPU.Build.0 = Debug|Any CPU
		{4F2D7A2D-7CED-42E7-9CCC-67507712957B}.Release|Any CPU.ActiveCfg = Release|Any CPU
		{4F2D7A2D-7CED-42E7-9CCC-67507712957B}.Release|Any CPU.Build.0 = Release|Any CPU
	EndGlobalSection
	GlobalSection(SolutionProperties) = preSolution
		HideSolutionNode = FALSE
	EndGlobalSection
	GlobalSection(ExtensibilityGlobals) = postSolution
		SolutionGuid = {42E89F15-CB84-4DFA-99AE-CF9DB883B4BD}
	EndGlobalSection
EndGlobal
